
Microsoft Visual Studio Solution File, Format Version 12.00
# Visual Studio 15
VisualStudioVersion = 15.0.28307.421
MinimumVisualStudioVersion = 10.0.40219.1
Project("{888888A0-9F3D-457C-B088-3A5042F75D52}") = "Lab8", "Lab8\Lab8.pyproj", "{4DEB57A0-656E-4C66-97A9-F2F4F48FD0E9}"
EndProject
Global
	GlobalSection(SolutionConfigurationPlatforms) = preSolution
		Debug|Any CPU = Debug|Any CPU
		Release|Any CPU = Release|Any CPU
	EndGlobalSection
	GlobalSection(ProjectConfigurationPlatforms) = postSolution
		{4DEB57A0-656E-4C66-97A9-F2F4F48FD0E9}.Debug|Any CPU.ActiveCfg = Debug|Any CPU
		{4DEB57A0-656E-4C66-97A9-F2F4F48FD0E9}.Release|Any CPU.ActiveCfg = Release|Any CPU
	EndGlobalSection
	GlobalSection(SolutionProperties) = preSolution
		HideSolutionNode = FALSE
	EndGlobalSection
	GlobalSection(ExtensibilityGlobals) = postSolution
		SolutionGuid = {E5778056-B5DE-4793-B430-45CE9DCE539F}
	EndGlobalSection
EndGlobal
